
Microsoft Visual Studio Solution File, Format Version 12.00
# Visual Studio Version 16
VisualStudioVersion = 16.0.30804.86
MinimumVisualStudioVersion = 10.0.40219.1
Project("{9A19103F-16F7-4668-BE54-9A1E7A4F7556}") = "VotingApp", "VotingApp\VotingApp.csproj", "{2071F97D-C1B0-4A91-8CA5-3335F767B74F}"
EndProject
Project("{FAE04EC0-301F-11D3-BF4B-00C04F79EFBC}") = "VotingAppTesting", "VotingAppTesting\VotingAppTesting.csproj", "{6227DB7E-97D5-4A37-A22C-6617472E255F}"
EndProject
Global
	GlobalSection(SolutionConfigurationPlatforms) = preSolution
		Debug|Any CPU = Debug|Any CPU
		Release|Any CPU = Release|Any CPU
	EndGlobalSection
	GlobalSection(ProjectConfigurationPlatforms) = postSolution
		{2071F97D-C1B0-4A91-8CA5-3335F767B74F}.Debug|Any CPU.ActiveCfg = Debug|Any CPU
		{2071F97D-C1B0-4A91-8CA5-3335F767B74F}.Debug|Any CPU.Build.0 = Debug|Any CPU
		{2071F97D-C1B0-4A91-8CA5-3335F767B74F}.Release|Any CPU.ActiveCfg = Release|Any CPU
		{2071F97D-C1B0-4A91-8CA5-3335F767B74F}.Release|Any CPU.Build.0 = Release|Any CPU
		{6227DB7E-97D5-4A37-A22C-6617472E255F}.Debug|Any CPU.ActiveCfg = Debug|Any CPU
		{6227DB7E-97D5-4A37-A22C-6617472E255F}.Debug|Any CPU.Build.0 = Debug|Any CPU
		{6227DB7E-97D5-4A37-A22C-6617472E255F}.Release|Any CPU.ActiveCfg = Release|Any CPU
		{6227DB7E-97D5-4A37-A22C-6617472E255F}.Release|Any CPU.Build.0 = Release|Any CPU
	EndGlobalSection
	GlobalSection(SolutionProperties) = preSolution
		HideSolutionNode = FALSE
	EndGlobalSection
	GlobalSection(ExtensibilityGlobals) = postSolution
		SolutionGuid = {E8851AD1-F7B4-41BB-98E6-1C9A60EAF53C}
	EndGlobalSection
EndGlobal
